
Microsoft Visual Studio Solution File, Format Version 12.00
# Visual Studio Version 17
VisualStudioVersion = 17.2.32616.157
MinimumVisualStudioVersion = 10.0.40219.1
Project("{FAE04EC0-301F-11D3-BF4B-00C04F79EFBC}") = "MvcTutorial", "MvcTutorial\MvcTutorial.csproj", "{BACF6BE8-BF14-4C5E-94C5-40539531C7E2}"
EndProject
Global
	GlobalSection(SolutionConfigurationPlatforms) = preSolution
		Debug|Any CPU = Debug|Any CPU
		Release|Any CPU = Release|Any CPU
	EndGlobalSection
	GlobalSection(ProjectConfigurationPlatforms) = postSolution
		{BACF6BE8-BF14-4C5E-94C5-40539531C7E2}.Debug|Any CPU.ActiveCfg = Debug|Any CPU
		{BACF6BE8-BF14-4C5E-94C5-40539531C7E2}.Debug|Any CPU.Build.0 = Debug|Any CPU
		{BACF6BE8-BF14-4C5E-94C5-40539531C7E2}.Release|Any CPU.ActiveCfg = Release|Any CPU
		{BACF6BE8-BF14-4C5E-94C5-40539531C7E2}.Release|Any CPU.Build.0 = Release|Any CPU
	EndGlobalSection
	GlobalSection(SolutionProperties) = preSolution
		HideSolutionNode = FALSE
	EndGlobalSection
	GlobalSection(ExtensibilityGlobals) = postSolution
		SolutionGuid = {571892BE-C150-45B3-B6CB-B87A0C9F71A3}
	EndGlobalSection
EndGlobal
